
Microsoft Visual Studio Solution File, Format Version 12.00
# Visual Studio Version 17
VisualStudioVersion = 17.0.32112.339
MinimumVisualStudioVersion = 10.0.40219.1
Project("{9A19103F-16F7-4668-BE54-9A1E7A4F7556}") = "Assignment_1", "Assignment_1\Assignment_1.csproj", "{0632974E-6407-4848-9CBF-D25AF7B004B3}"
EndProject
Project("{9A19103F-16F7-4668-BE54-9A1E7A4F7556}") = "Math_trigonometry", "Math_trigonometry\Math_trigonometry.csproj", "{5A64D44C-722C-4776-90B8-5B6B8B1ACECA}"
EndProject
Project("{9A19103F-16F7-4668-BE54-9A1E7A4F7556}") = "Assignment_2", "assignment_2\Assignment_2.csproj", "{3C3DD5A0-0ABD-4AAF-9202-0FD2A99B8828}"
EndProject
Project("{9A19103F-16F7-4668-BE54-9A1E7A4F7556}") = "MiniProject_EmployeeData", "MiniProject_EmployeeData\MiniProject_EmployeeData.csproj", "{D0060F59-0E6C-4C25-B29E-0F14DC2A27A6}"
EndProject
Project("{9A19103F-16F7-4668-BE54-9A1E7A4F7556}") = "OOPS_Test", "OOPS_Test\OOPS_Test.csproj", "{C82B2F1C-8596-4C57-B0B1-0970A16E427E}"
EndProject
Project("{9A19103F-16F7-4668-BE54-9A1E7A4F7556}") = "Extension_Assignment", "Extensiob_Assignment\Extension_Assignment.csproj", "{81CB1B94-9272-492D-8B96-86473AF72B94}"
EndProject
Project("{FAE04EC0-301F-11D3-BF4B-00C04F79EFBC}") = "LINQ_Assignment_9 Feb", "LINQ_Assignment_9 Feb\LINQ_Assignment_9 Feb.csproj", "{0BC79B3C-CBF3-4044-A0AB-38E99554F297}"
EndProject
Project("{FAE04EC0-301F-11D3-BF4B-00C04F79EFBC}") = "Files_Operation_Assignment_10Feb", "Files_Operation_Assignment_10Feb\Files_Operation_Assignment_10Feb.csproj", "{ED60F721-EE88-4EA5-9CE1-014AFBF7B5EF}"
EndProject
Project("{FAE04EC0-301F-11D3-BF4B-00C04F79EFBC}") = "14_Feb_Directories", "14_Feb_Directories\14_Feb_Directories.csproj", "{DA3E07B3-4993-463B-B883-6F486ED077DF}"
EndProject
Project("{2150E333-8FDC-42A3-9474-1A3956D46DE8}") = "sql_queries", "sql_queries", "{1EFDB1D8-9249-4E52-8C9F-FF19B81FA5D5}"
	ProjectSection(SolutionItems) = preProject
		SQL-Queries\Assignment_16_Feb.sql = SQL-Queries\Assignment_16_Feb.sql
		SQL-Queries\Assignment_17_Feb.sql = SQL-Queries\Assignment_17_Feb.sql
		SQL-Queries\Select_Statements.sql = SQL-Queries\Select_Statements.sql
		SQL-Queries\SQLQuery1.sql = SQL-Queries\SQLQuery1.sql
	EndProjectSection
EndProject
Project("{FAE04EC0-301F-11D3-BF4B-00C04F79EFBC}") = "18Feb_DB_Employee", "18Feb_DB_Employee\18Feb_DB_Employee.csproj", "{2ED9A14C-B51A-4B39-ADAD-948C16B54C82}"
EndProject
Project("{FAE04EC0-301F-11D3-BF4B-00C04F79EFBC}") = "22Feb_DB_EmpDep_by_disconnected", "22Feb_DB_EmpDep_by_disconnected\22Feb_DB_EmpDep_by_disconnected.csproj", "{2F5C1346-17B9-48FF-A2BD-7324CD1A536D}"
EndProject
Project("{FAE04EC0-301F-11D3-BF4B-00C04F79EFBC}") = "CS_Dispose", "CS_Dispose\CS_Dispose.csproj", "{D25E3409-9D06-4BFF-AECA-0731CC9136D1}"
EndProject
Project("{FAE04EC0-301F-11D3-BF4B-00C04F79EFBC}") = "CS_Thread_Basic", "CS_Thread_Basic\CS_Thread_Basic.csproj", "{D24F4DB1-9E2C-47E1-926C-58561F53872A}"
EndProject
Project("{FAE04EC0-301F-11D3-BF4B-00C04F79EFBC}") = "SelfStudy_9Feb", "SelfStudy_9Feb\SelfStudy_9Feb.csproj", "{7E479038-B47B-45F6-81DF-CBB98C2A6D8D}"
EndProject
Project("{FAE04EC0-301F-11D3-BF4B-00C04F79EFBC}") = "Threading_26Feb", "Threading_26Feb\Threading_26Feb.csproj", "{7E9855DE-BC29-434D-9F40-9745EF273F38}"
EndProject
Project("{FAE04EC0-301F-11D3-BF4B-00C04F79EFBC}") = "CS_MultipleTasks", "CS_MultipleTasks\CS_MultipleTasks.csproj", "{FF93E086-CBFE-4BC2-AF27-0A8615AEBCFC}"
EndProject
Project("{FAE04EC0-301F-11D3-BF4B-00C04F79EFBC}") = "CS_SimpleTask", "CS_SimpleTask\CS_SimpleTask.csproj", "{0D5B7FBA-F4FE-4586-81CD-3BF23820210E}"
EndProject
Project("{FAE04EC0-301F-11D3-BF4B-00C04F79EFBC}") = "2_March_CRUD_Async", "2_March_CRUD_Async\2_March_CRUD_Async.csproj", "{943F3F4C-0DC8-4A87-9E6A-0E48850B9D17}"
EndProject
Project("{FAE04EC0-301F-11D3-BF4B-00C04F79EFBC}") = "2_March_SalarySlip_Async", "2_March_SalarySlip_Async\2_March_SalarySlip_Async.csproj", "{CA0043AE-5285-46A5-95A3-FA1ACB0A22B5}"
EndProject
Project("{2150E333-8FDC-42A3-9474-1A3956D46DE8}") = "NetCore", "NetCore", "{D0403EE2-18B9-4A18-8DC2-A781384F90AD}"
EndProject
Project("{9A19103F-16F7-4668-BE54-9A1E7A4F7556}") = "CS_Single_File_Publish", "CS_Single_File_Publish\CS_Single_File_Publish.csproj", "{110A98DC-F7D9-4A25-B932-1F0D89B83140}"
EndProject
Project("{9A19103F-16F7-4668-BE54-9A1E7A4F7556}") = "7_March_CRUD_EFcore", "7_March_CRUD_EFcore\7_March_CRUD_EFcore.csproj", "{88AFB600-1132-4782-851C-013810D1B6C2}"
EndProject
Project("{9A19103F-16F7-4668-BE54-9A1E7A4F7556}") = "8_March_CodeFirst_EFcore", "8_March_CodeFirst_EFcore\8_March_CodeFirst_EFcore.csproj", "{F03220BD-0D40-4D27-915F-919AB3BBEBA8}"
EndProject
Project("{2150E333-8FDC-42A3-9474-1A3956D46DE8}") = "9_March_Assignment", "9_March_Assignment", "{9DA46369-FC55-4DD8-B52B-63BBBA990713}"
EndProject
Project("{9A19103F-16F7-4668-BE54-9A1E7A4F7556}") = "9_March_DBFirst", "9_March_DBFirst\9_March_DBFirst.csproj", "{F10ACE69-061D-4CD4-82B0-ADE53E5411F5}"
EndProject
Project("{9A19103F-16F7-4668-BE54-9A1E7A4F7556}") = "9_March_DBFirst_EXE", "9_March_DBFirst_EXE\9_March_DBFirst_EXE.csproj", "{BD9AC572-3610-4AE2-AE24-6E930AAA8CB8}"
EndProject
Project("{9A19103F-16F7-4668-BE54-9A1E7A4F7556}") = "SingleFilePulish_DLL", "SingleFilePulish_DLL\SingleFilePulish_DLL.csproj", "{BF196766-46D5-4511-B29C-4CBFE3169C1F}"
EndProject
Project("{9A19103F-16F7-4668-BE54-9A1E7A4F7556}") = "SingleFilePublish_EXE", "SingleFilePublish_EXE\SingleFilePublish_EXE.csproj", "{591E15C2-0A66-47EB-871F-61DF38EBAE66}"
EndProject
Project("{9A19103F-16F7-4668-BE54-9A1E7A4F7556}") = "Language_Enhancement", "Language_Enhancement\Language_Enhancement.csproj", "{821B909D-0CAE-4229-A310-DF92F90E24F1}"
EndProject
Project("{9A19103F-16F7-4668-BE54-9A1E7A4F7556}") = "Sample_DBFirst", "Sample_DBFirst\Sample_DBFirst.csproj", "{B50B818D-F94B-4912-AE29-574EBBF80A7D}"
EndProject
Project("{9A19103F-16F7-4668-BE54-9A1E7A4F7556}") = "SampleCodeFirst", "SampleCodeFirst\SampleCodeFirst.csproj", "{EEFAEAC7-B7D3-4F86-B54E-ACEEB71E22F9}"
EndProject
Project("{9A19103F-16F7-4668-BE54-9A1E7A4F7556}") = "11_March_Practical", "11_March_Practical\11_March_Practical.csproj", "{EAE1B8BE-8F91-4C12-B946-0DBD94FE8CA3}"
EndProject
Project("{9A19103F-16F7-4668-BE54-9A1E7A4F7556}") = "CS_WebApp", "CS_WebApp\CS_WebApp.csproj", "{898463CE-C731-4F33-B0D8-8195E250D5FF}"
EndProject
Project("{9A19103F-16F7-4668-BE54-9A1E7A4F7556}") = "SampleWebApp", "SampleWebApp\SampleWebApp.csproj", "{48FB913E-8DFE-45A7-8542-ECDB707B6931}"
EndProject
Project("{2150E333-8FDC-42A3-9474-1A3956D46DE8}") = "8_March_Links", "8_March_Links", "{63AD3ACF-8729-4CF4-8484-CB48B171F5D2}"
EndProject
Project("{9A19103F-16F7-4668-BE54-9A1E7A4F7556}") = "EFCore_Features_Link_2", "EFCore_Features_Link_2\EFCore_Features_Link_2.csproj", "{FE9E52A9-FD21-44E6-BF9D-C4095A5DF1D1}"
EndProject
Project("{9A19103F-16F7-4668-BE54-9A1E7A4F7556}") = "CS_Owned_Types", "CS_Owned_Types\CS_Owned_Types.csproj", "{9B8E089C-1DBA-40C2-A6E9-C91D5299EA08}"
EndProject
Project("{9A19103F-16F7-4668-BE54-9A1E7A4F7556}") = "SuperMarket_23March", "SuperMarket_23March\SuperMarket_23March.csproj", "{C29F98B5-CE0C-4DE5-981F-A6E7E0C7E68A}"
EndProject
Project("{FAE04EC0-301F-11D3-BF4B-00C04F79EFBC}") = "CS_StringInterpolation", "CS_ScalarFunctions\CS_StringInterpolation.csproj", "{222BD610-11BD-485C-B95C-5D57452A0F4A}"
EndProject
Project("{FAE04EC0-301F-11D3-BF4B-00C04F79EFBC}") = "Naukari_24March", "Naukari_24March\Naukari_24March.csproj", "{9F4BCF92-B58F-4BC7-B0FB-B4DA2468AADF}"
EndProject
Global
	GlobalSection(SolutionConfigurationPlatforms) = preSolution
		Debug|Any CPU = Debug|Any CPU
		Release|Any CPU = Release|Any CPU
	EndGlobalSection
	GlobalSection(ProjectConfigurationPlatforms) = postSolution
		{0632974E-6407-4848-9CBF-D25AF7B004B3}.Debug|Any CPU.ActiveCfg = Debug|Any CPU
		{0632974E-6407-4848-9CBF-D25AF7B004B3}.Debug|Any CPU.Build.0 = Debug|Any CPU
		{0632974E-6407-4848-9CBF-D25AF7B004B3}.Release|Any CPU.ActiveCfg = Release|Any CPU
		{0632974E-6407-4848-9CBF-D25AF7B004B3}.Release|Any CPU.Build.0 = Release|Any CPU
		{5A64D44C-722C-4776-90B8-5B6B8B1ACECA}.Debug|Any CPU.ActiveCfg = Debug|Any CPU
		{5A64D44C-722C-4776-90B8-5B6B8B1ACECA}.Debug|Any CPU.Build.0 = Debug|Any CPU
		{5A64D44C-722C-4776-90B8-5B6B8B1ACECA}.Release|Any CPU.ActiveCfg = Release|Any CPU
		{5A64D44C-722C-4776-90B8-5B6B8B1ACECA}.Release|Any CPU.Build.0 = Release|Any CPU
		{3C3DD5A0-0ABD-4AAF-9202-0FD2A99B8828}.Debug|Any CPU.ActiveCfg = Debug|Any CPU
		{3C3DD5A0-0ABD-4AAF-9202-0FD2A99B8828}.Debug|Any CPU.Build.0 = Debug|Any CPU
		{3C3DD5A0-0ABD-4AAF-9202-0FD2A99B8828}.Release|Any CPU.ActiveCfg = Release|Any CPU
		{3C3DD5A0-0ABD-4AAF-9202-0FD2A99B8828}.Release|Any CPU.Build.0 = Release|Any CPU
		{D0060F59-0E6C-4C25-B29E-0F14DC2A27A6}.Debug|Any CPU.ActiveCfg = Debug|Any CPU
		{D0060F59-0E6C-4C25-B29E-0F14DC2A27A6}.Debug|Any CPU.Build.0 = Debug|Any CPU
		{D0060F59-0E6C-4C25-B29E-0F14DC2A27A6}.Release|Any CPU.ActiveCfg = Release|Any CPU
		{D0060F59-0E6C-4C25-B29E-0F14DC2A27A6}.Release|Any CPU.Build.0 = Release|Any CPU
		{C82B2F1C-8596-4C57-B0B1-0970A16E427E}.Debug|Any CPU.ActiveCfg = Debug|Any CPU
		{C82B2F1C-8596-4C57-B0B1-0970A16E427E}.Debug|Any CPU.Build.0 = Debug|Any CPU
		{C82B2F1C-8596-4C57-B0B1-0970A16E427E}.Release|Any CPU.ActiveCfg = Release|Any CPU
		{C82B2F1C-8596-4C57-B0B1-0970A16E427E}.Release|Any CPU.Build.0 = Release|Any CPU
		{81CB1B94-9272-492D-8B96-86473AF72B94}.Debug|Any CPU.ActiveCfg = Debug|Any CPU
		{81CB1B94-9272-492D-8B96-86473AF72B94}.Debug|Any CPU.Build.0 = Debug|Any CPU
		{81CB1B94-9272-492D-8B96-86473AF72B94}.Release|Any CPU.ActiveCfg = Release|Any CPU
		{81CB1B94-9272-492D-8B96-86473AF72B94}.Release|Any CPU.Build.0 = Release|Any CPU
		{0BC79B3C-CBF3-4044-A0AB-38E99554F297}.Debug|Any CPU.ActiveCfg = Debug|Any CPU
		{0BC79B3C-CBF3-4044-A0AB-38E99554F297}.Debug|Any CPU.Build.0 = Debug|Any CPU
		{0BC79B3C-CBF3-4044-A0AB-38E99554F297}.Release|Any CPU.ActiveCfg = Release|Any CPU
		{0BC79B3C-CBF3-4044-A0AB-38E99554F297}.Release|Any CPU.Build.0 = Release|Any CPU
		{ED60F721-EE88-4EA5-9CE1-014AFBF7B5EF}.Debug|Any CPU.ActiveCfg = Debug|Any CPU
		{ED60F721-EE88-4EA5-9CE1-014AFBF7B5EF}.Debug|Any CPU.Build.0 = Debug|Any CPU
		{ED60F721-EE88-4EA5-9CE1-014AFBF7B5EF}.Release|Any CPU.ActiveCfg = Release|Any CPU
		{ED60F721-EE88-4EA5-9CE1-014AFBF7B5EF}.Release|Any CPU.Build.0 = Release|Any CPU
		{DA3E07B3-4993-463B-B883-6F486ED077DF}.Debug|Any CPU.ActiveCfg = Debug|Any CPU
		{DA3E07B3-4993-463B-B883-6F486ED077DF}.Debug|Any CPU.Build.0 = Debug|Any CPU
		{DA3E07B3-4993-463B-B883-6F486ED077DF}.Release|Any CPU.ActiveCfg = Release|Any CPU
		{DA3E07B3-4993-463B-B883-6F486ED077DF}.Release|Any CPU.Build.0 = Release|Any CPU
		{2ED9A14C-B51A-4B39-ADAD-948C16B54C82}.Debug|Any CPU.ActiveCfg = Debug|Any CPU
		{2ED9A14C-B51A-4B39-ADAD-948C16B54C82}.Debug|Any CPU.Build.0 = Debug|Any CPU
		{2ED9A14C-B51A-4B39-ADAD-948C16B54C82}.Release|Any CPU.ActiveCfg = Release|Any CPU
		{2ED9A14C-B51A-4B39-ADAD-948C16B54C82}.Release|Any CPU.Build.0 = Release|Any CPU
		{2F5C1346-17B9-48FF-A2BD-7324CD1A536D}.Debug|Any CPU.ActiveCfg = Debug|Any CPU
		{2F5C1346-17B9-48FF-A2BD-7324CD1A536D}.Debug|Any CPU.Build.0 = Debug|Any CPU
		{2F5C1346-17B9-48FF-A2BD-7324CD1A536D}.Release|Any CPU.ActiveCfg = Release|Any CPU
		{2F5C1346-17B9-48FF-A2BD-7324CD1A536D}.Release|Any CPU.Build.0 = Release|Any CPU
		{D25E3409-9D06-4BFF-AECA-0731CC9136D1}.Debug|Any CPU.ActiveCfg = Debug|Any CPU
		{D25E3409-9D06-4BFF-AECA-0731CC9136D1}.Debug|Any CPU.Build.0 = Debug|Any CPU
		{D25E3409-9D06-4BFF-AECA-0731CC9136D1}.Release|Any CPU.ActiveCfg = Release|Any CPU
		{D25E3409-9D06-4BFF-AECA-0731CC9136D1}.Release|Any CPU.Build.0 = Release|Any CPU
		{D24F4DB1-9E2C-47E1-926C-58561F53872A}.Debug|Any CPU.ActiveCfg = Debug|Any CPU
		{D24F4DB1-9E2C-47E1-926C-58561F53872A}.Debug|Any CPU.Build.0 = Debug|Any CPU
		{D24F4DB1-9E2C-47E1-926C-58561F53872A}.Release|Any CPU.ActiveCfg = Release|Any CPU
		{D24F4DB1-9E2C-47E1-926C-58561F53872A}.Release|Any CPU.Build.0 = Release|Any CPU
		{7E479038-B47B-45F6-81DF-CBB98C2A6D8D}.Debug|Any CPU.ActiveCfg = Debug|Any CPU
		{7E479038-B47B-45F6-81DF-CBB98C2A6D8D}.Debug|Any CPU.Build.0 = Debug|Any CPU
		{7E479038-B47B-45F6-81DF-CBB98C2A6D8D}.Release|Any CPU.ActiveCfg = Release|Any CPU
		{7E479038-B47B-45F6-81DF-CBB98C2A6D8D}.Release|Any CPU.Build.0 = Release|Any CPU
		{7E9855DE-BC29-434D-9F40-9745EF273F38}.Debug|Any CPU.ActiveCfg = Debug|Any CPU
		{7E9855DE-BC29-434D-9F40-9745EF273F38}.Debug|Any CPU.Build.0 = Debug|Any CPU
		{7E9855DE-BC29-434D-9F40-9745EF273F38}.Release|Any CPU.ActiveCfg = Release|Any CPU
		{7E9855DE-BC29-434D-9F40-9745EF273F38}.Release|Any CPU.Build.0 = Release|Any CPU
		{FF93E086-CBFE-4BC2-AF27-0A8615AEBCFC}.Debug|Any CPU.ActiveCfg = Debug|Any CPU
		{FF93E086-CBFE-4BC2-AF27-0A8615AEBCFC}.Debug|Any CPU.Build.0 = Debug|Any CPU
		{FF93E086-CBFE-4BC2-AF27-0A8615AEBCFC}.Release|Any CPU.ActiveCfg = Release|Any CPU
		{FF93E086-CBFE-4BC2-AF27-0A8615AEBCFC}.Release|Any CPU.Build.0 = Release|Any CPU
		{0D5B7FBA-F4FE-4586-81CD-3BF23820210E}.Debug|Any CPU.ActiveCfg = Debug|Any CPU
		{0D5B7FBA-F4FE-4586-81CD-3BF23820210E}.Debug|Any CPU.Build.0 = Debug|Any CPU
		{0D5B7FBA-F4FE-4586-81CD-3BF23820210E}.Release|Any CPU.ActiveCfg = Release|Any CPU
		{0D5B7FBA-F4FE-4586-81CD-3BF23820210E}.Release|Any CPU.Build.0 = Release|Any CPU
		{943F3F4C-0DC8-4A87-9E6A-0E48850B9D17}.Debug|Any CPU.ActiveCfg = Debug|Any CPU
		{943F3F4C-0DC8-4A87-9E6A-0E48850B9D17}.Debug|Any CPU.Build.0 = Debug|Any CPU
		{943F3F4C-0DC8-4A87-9E6A-0E48850B9D17}.Release|Any CPU.ActiveCfg = Release|Any CPU
		{943F3F4C-0DC8-4A87-9E6A-0E48850B9D17}.Release|Any CPU.Build.0 = Release|Any CPU
		{CA0043AE-5285-46A5-95A3-FA1ACB0A22B5}.Debug|Any CPU.ActiveCfg = Debug|Any CPU
		{CA0043AE-5285-46A5-95A3-FA1ACB0A22B5}.Debug|Any CPU.Build.0 = Debug|Any CPU
		{CA0043AE-5285-46A5-95A3-FA1ACB0A22B5}.Release|Any CPU.ActiveCfg = Release|Any CPU
		{CA0043AE-5285-46A5-95A3-FA1ACB0A22B5}.Release|Any CPU.Build.0 = Release|Any CPU
		{110A98DC-F7D9-4A25-B932-1F0D89B83140}.Debug|Any CPU.ActiveCfg = Debug|Any CPU
		{110A98DC-F7D9-4A25-B932-1F0D89B83140}.Debug|Any CPU.Build.0 = Debug|Any CPU
		{110A98DC-F7D9-4A25-B932-1F0D89B83140}.Release|Any CPU.ActiveCfg = Release|Any CPU
		{110A98DC-F7D9-4A25-B932-1F0D89B83140}.Release|Any CPU.Build.0 = Release|Any CPU
		{88AFB600-1132-4782-851C-013810D1B6C2}.Debug|Any CPU.ActiveCfg = Debug|Any CPU
		{88AFB600-1132-4782-851C-013810D1B6C2}.Debug|Any CPU.Build.0 = Debug|Any CPU
		{88AFB600-1132-4782-851C-013810D1B6C2}.Release|Any CPU.ActiveCfg = Release|Any CPU
		{88AFB600-1132-4782-851C-013810D1B6C2}.Release|Any CPU.Build.0 = Release|Any CPU
		{F03220BD-0D40-4D27-915F-919AB3BBEBA8}.Debug|Any CPU.ActiveCfg = Debug|Any CPU
		{F03220BD-0D40-4D27-915F-919AB3BBEBA8}.Debug|Any CPU.Build.0 = Debug|Any CPU
		{F03220BD-0D40-4D27-915F-919AB3BBEBA8}.Release|Any CPU.ActiveCfg = Release|Any CPU
		{F03220BD-0D40-4D27-915F-919AB3BBEBA8}.Release|Any CPU.Build.0 = Release|Any CPU
		{F10ACE69-061D-4CD4-82B0-ADE53E5411F5}.Debug|Any CPU.ActiveCfg = Debug|Any CPU
		{F10ACE69-061D-4CD4-82B0-ADE53E5411F5}.Debug|Any CPU.Build.0 = Debug|Any CPU
		{F10ACE69-061D-4CD4-82B0-ADE53E5411F5}.Release|Any CPU.ActiveCfg = Release|Any CPU
		{F10ACE69-061D-4CD4-82B0-ADE53E5411F5}.Release|Any CPU.Build.0 = Release|Any CPU
		{BD9AC572-3610-4AE2-AE24-6E930AAA8CB8}.Debug|Any CPU.ActiveCfg = Debug|Any CPU
		{BD9AC572-3610-4AE2-AE24-6E930AAA8CB8}.Debug|Any CPU.Build.0 = Debug|Any CPU
		{BD9AC572-3610-4AE2-AE24-6E930AAA8CB8}.Release|Any CPU.ActiveCfg = Release|Any CPU
		{BD9AC572-3610-4AE2-AE24-6E930AAA8CB8}.Release|Any CPU.Build.0 = Release|Any CPU
		{BF196766-46D5-4511-B29C-4CBFE3169C1F}.Debug|Any CPU.ActiveCfg = Debug|Any CPU
		{BF196766-46D5-4511-B29C-4CBFE3169C1F}.Debug|Any CPU.Build.0 = Debug|Any CPU
		{BF196766-46D5-4511-B29C-4CBFE3169C1F}.Release|Any CPU.ActiveCfg = Release|Any CPU
		{BF196766-46D5-4511-B29C-4CBFE3169C1F}.Release|Any CPU.Build.0 = Release|Any CPU
		{591E15C2-0A66-47EB-871F-61DF38EBAE66}.Debug|Any CPU.ActiveCfg = Debug|Any CPU
		{591E15C2-0A66-47EB-871F-61DF38EBAE66}.Debug|Any CPU.Build.0 = Debug|Any CPU
		{591E15C2-0A66-47EB-871F-61DF38EBAE66}.Release|Any CPU.ActiveCfg = Release|Any CPU
		{591E15C2-0A66-47EB-871F-61DF38EBAE66}.Release|Any CPU.Build.0 = Release|Any CPU
		{821B909D-0CAE-4229-A310-DF92F90E24F1}.Debug|Any CPU.ActiveCfg = Debug|Any CPU
		{821B909D-0CAE-4229-A310-DF92F90E24F1}.Debug|Any CPU.Build.0 = Debug|Any CPU
		{821B909D-0CAE-4229-A310-DF92F90E24F1}.Release|Any CPU.ActiveCfg = Release|Any CPU
		{821B909D-0CAE-4229-A310-DF92F90E24F1}.Release|Any CPU.Build.0 = Release|Any CPU
		{B50B818D-F94B-4912-AE29-574EBBF80A7D}.Debug|Any CPU.ActiveCfg = Debug|Any CPU
		{B50B818D-F94B-4912-AE29-574EBBF80A7D}.Debug|Any CPU.Build.0 = Debug|Any CPU
		{B50B818D-F94B-4912-AE29-574EBBF80A7D}.Release|Any CPU.ActiveCfg = Release|Any CPU
		{B50B818D-F94B-4912-AE29-574EBBF80A7D}.Release|Any CPU.Build.0 = Release|Any CPU
		{EEFAEAC7-B7D3-4F86-B54E-ACEEB71E22F9}.Debug|Any CPU.ActiveCfg = Debug|Any CPU
		{EEFAEAC7-B7D3-4F86-B54E-ACEEB71E22F9}.Debug|Any CPU.Build.0 = Debug|Any CPU
		{EEFAEAC7-B7D3-4F86-B54E-ACEEB71E22F9}.Release|Any CPU.ActiveCfg = Release|Any CPU
		{EEFAEAC7-B7D3-4F86-B54E-ACEEB71E22F9}.Release|Any CPU.Build.0 = Release|Any CPU
		{EAE1B8BE-8F91-4C12-B946-0DBD94FE8CA3}.Debug|Any CPU.ActiveCfg = Debug|Any CPU
		{EAE1B8BE-8F91-4C12-B946-0DBD94FE8CA3}.Debug|Any CPU.Build.0 = Debug|Any CPU
		{EAE1B8BE-8F91-4C12-B946-0DBD94FE8CA3}.Release|Any CPU.ActiveCfg = Release|Any CPU
		{EAE1B8BE-8F91-4C12-B946-0DBD94FE8CA3}.Release|Any CPU.Build.0 = Release|Any CPU
		{898463CE-C731-4F33-B0D8-8195E250D5FF}.Debug|Any CPU.ActiveCfg = Debug|Any CPU
		{898463CE-C731-4F33-B0D8-8195E250D5FF}.Debug|Any CPU.Build.0 = Debug|Any CPU
		{898463CE-C731-4F33-B0D8-8195E250D5FF}.Release|Any CPU.ActiveCfg = Release|Any CPU
		{898463CE-C731-4F33-B0D8-8195E250D5FF}.Release|Any CPU.Build.0 = Release|Any CPU
		{48FB913E-8DFE-45A7-8542-ECDB707B6931}.Debug|Any CPU.ActiveCfg = Debug|Any CPU
		{48FB913E-8DFE-45A7-8542-ECDB707B6931}.Debug|Any CPU.Build.0 = Debug|Any CPU
		{48FB913E-8DFE-45A7-8542-ECDB707B6931}.Release|Any CPU.ActiveCfg = Release|Any CPU
		{48FB913E-8DFE-45A7-8542-ECDB707B6931}.Release|Any CPU.Build.0 = Release|Any CPU
		{FE9E52A9-FD21-44E6-BF9D-C4095A5DF1D1}.Debug|Any CPU.ActiveCfg = Debug|Any CPU
		{FE9E52A9-FD21-44E6-BF9D-C4095A5DF1D1}.Debug|Any CPU.Build.0 = Debug|Any CPU
		{FE9E52A9-FD21-44E6-BF9D-C4095A5DF1D1}.Release|Any CPU.ActiveCfg = Release|Any CPU
		{FE9E52A9-FD21-44E6-BF9D-C4095A5DF1D1}.Release|Any CPU.Build.0 = Release|Any CPU
		{9B8E089C-1DBA-40C2-A6E9-C91D5299EA08}.Debug|Any CPU.ActiveCfg = Debug|Any CPU
		{9B8E089C-1DBA-40C2-A6E9-C91D5299EA08}.Debug|Any CPU.Build.0 = Debug|Any CPU
		{9B8E089C-1DBA-40C2-A6E9-C91D5299EA08}.Release|Any CPU.ActiveCfg = Release|Any CPU
		{9B8E089C-1DBA-40C2-A6E9-C91D5299EA08}.Release|Any CPU.Build.0 = Release|Any CPU
		{C29F98B5-CE0C-4DE5-981F-A6E7E0C7E68A}.Debug|Any CPU.ActiveCfg = Debug|Any CPU
		{C29F98B5-CE0C-4DE5-981F-A6E7E0C7E68A}.Debug|Any CPU.Build.0 = Debug|Any CPU
		{C29F98B5-CE0C-4DE5-981F-A6E7E0C7E68A}.Release|Any CPU.ActiveCfg = Release|Any CPU
		{C29F98B5-CE0C-4DE5-981F-A6E7E0C7E68A}.Release|Any CPU.Build.0 = Release|Any CPU
		{222BD610-11BD-485C-B95C-5D57452A0F4A}.Debug|Any CPU.ActiveCfg = Debug|Any CPU
		{222BD610-11BD-485C-B95C-5D57452A0F4A}.Debug|Any CPU.Build.0 = Debug|Any CPU
		{222BD610-11BD-485C-B95C-5D57452A0F4A}.Release|Any CPU.ActiveCfg = Release|Any CPU
		{222BD610-11BD-485C-B95C-5D57452A0F4A}.Release|Any CPU.Build.0 = Release|Any CPU
		{9F4BCF92-B58F-4BC7-B0FB-B4DA2468AADF}.Debug|Any CPU.ActiveCfg = Debug|Any CPU
		{9F4BCF92-B58F-4BC7-B0FB-B4DA2468AADF}.Debug|Any CPU.Build.0 = Debug|Any CPU
		{9F4BCF92-B58F-4BC7-B0FB-B4DA2468AADF}.Release|Any CPU.ActiveCfg = Release|Any CPU
		{9F4BCF92-B58F-4BC7-B0FB-B4DA2468AADF}.Release|Any CPU.Build.0 = Release|Any CPU
	EndGlobalSection
	GlobalSection(SolutionProperties) = preSolution
		HideSolutionNode = FALSE
	EndGlobalSection
	GlobalSection(NestedProjects) = preSolution
		{110A98DC-F7D9-4A25-B932-1F0D89B83140} = {D0403EE2-18B9-4A18-8DC2-A781384F90AD}
		{88AFB600-1132-4782-851C-013810D1B6C2} = {D0403EE2-18B9-4A18-8DC2-A781384F90AD}
		{F03220BD-0D40-4D27-915F-919AB3BBEBA8} = {D0403EE2-18B9-4A18-8DC2-A781384F90AD}
		{F10ACE69-061D-4CD4-82B0-ADE53E5411F5} = {9DA46369-FC55-4DD8-B52B-63BBBA990713}
		{BD9AC572-3610-4AE2-AE24-6E930AAA8CB8} = {9DA46369-FC55-4DD8-B52B-63BBBA990713}
		{BF196766-46D5-4511-B29C-4CBFE3169C1F} = {9DA46369-FC55-4DD8-B52B-63BBBA990713}
		{591E15C2-0A66-47EB-871F-61DF38EBAE66} = {9DA46369-FC55-4DD8-B52B-63BBBA990713}
		{B50B818D-F94B-4912-AE29-574EBBF80A7D} = {D0403EE2-18B9-4A18-8DC2-A781384F90AD}
		{EEFAEAC7-B7D3-4F86-B54E-ACEEB71E22F9} = {D0403EE2-18B9-4A18-8DC2-A781384F90AD}
		{FE9E52A9-FD21-44E6-BF9D-C4095A5DF1D1} = {63AD3ACF-8729-4CF4-8484-CB48B171F5D2}
		{9B8E089C-1DBA-40C2-A6E9-C91D5299EA08} = {63AD3ACF-8729-4CF4-8484-CB48B171F5D2}
		{222BD610-11BD-485C-B95C-5D57452A0F4A} = {63AD3ACF-8729-4CF4-8484-CB48B171F5D2}
	EndGlobalSection
	GlobalSection(ExtensibilityGlobals) = postSolution
		SolutionGuid = {752F7BA5-F69B-4444-8B88-0F40F3D01F3B}
	EndGlobalSection
EndGlobal
